
Microsoft Visual Studio Solution File, Format Version 12.00
# Visual Studio Version 17
VisualStudioVersion = 17.4.33122.133
MinimumVisualStudioVersion = 10.0.40219.1
Project("{9A19103F-16F7-4668-BE54-9A1E7A4F7556}") = "LiveAuction.Gateway.Services", "LiveAuction.Services\LiveAuction.Gateway.Services.csproj", "{81391AF4-FBFF-4C62-896D-CF4A2B60C74D}"
EndProject
Project("{2150E333-8FDC-42A3-9474-1A3956D46DE8}") = "LiveAuction.Common", "LiveAuction.Common", "{D2F8BC32-1ED2-4F16-B5DA-CA1C2AA93151}"
EndProject
Project("{2150E333-8FDC-42A3-9474-1A3956D46DE8}") = "Solution Items", "Solution Items", "{799BDA1C-FFEB-4348-A22A-6C5439A6E841}"
	ProjectSection(SolutionItems) = preProject
		.editorconfig = .editorconfig
	EndProjectSection
EndProject
Project("{9A19103F-16F7-4668-BE54-9A1E7A4F7556}") = "LiveAuction.GatewayAPI", "LiveAuction.GatewayAPI\LiveAuction.GatewayAPI.csproj", "{EEA2AA79-A148-4623-A1E8-400E094388D5}"
EndProject
Project("{9A19103F-16F7-4668-BE54-9A1E7A4F7556}") = "LiveAuction.Users", "LiveAuction.Users\LiveAuction.Users.csproj", "{BB4F2A52-BD76-4AA2-8B86-B63C0C3C23BC}"
EndProject
Project("{9A19103F-16F7-4668-BE54-9A1E7A4F7556}") = "LiveAuction.Common", "LiveAuction.Common\LiveAuction.Common.csproj", "{E443A1EE-C118-47C8-B3F4-5D989A775494}"
EndProject
Project("{9A19103F-16F7-4668-BE54-9A1E7A4F7556}") = "LiveAuction.Notifications", "LiveAuction.Notifications\LiveAuction.Notifications.csproj", "{7E03185D-05E4-44E3-9559-FF5DF2DA8CE0}"
EndProject
Global
	GlobalSection(SolutionConfigurationPlatforms) = preSolution
		Debug|Any CPU = Debug|Any CPU
		Release|Any CPU = Release|Any CPU
	EndGlobalSection
	GlobalSection(ProjectConfigurationPlatforms) = postSolution
		{81391AF4-FBFF-4C62-896D-CF4A2B60C74D}.Debug|Any CPU.ActiveCfg = Debug|Any CPU
		{81391AF4-FBFF-4C62-896D-CF4A2B60C74D}.Debug|Any CPU.Build.0 = Debug|Any CPU
		{81391AF4-FBFF-4C62-896D-CF4A2B60C74D}.Release|Any CPU.ActiveCfg = Release|Any CPU
		{81391AF4-FBFF-4C62-896D-CF4A2B60C74D}.Release|Any CPU.Build.0 = Release|Any CPU
		{EEA2AA79-A148-4623-A1E8-400E094388D5}.Debug|Any CPU.ActiveCfg = Debug|Any CPU
		{EEA2AA79-A148-4623-A1E8-400E094388D5}.Debug|Any CPU.Build.0 = Debug|Any CPU
		{EEA2AA79-A148-4623-A1E8-400E094388D5}.Release|Any CPU.ActiveCfg = Release|Any CPU
		{EEA2AA79-A148-4623-A1E8-400E094388D5}.Release|Any CPU.Build.0 = Release|Any CPU
		{BB4F2A52-BD76-4AA2-8B86-B63C0C3C23BC}.Debug|Any CPU.ActiveCfg = Debug|Any CPU
		{BB4F2A52-BD76-4AA2-8B86-B63C0C3C23BC}.Debug|Any CPU.Build.0 = Debug|Any CPU
		{BB4F2A52-BD76-4AA2-8B86-B63C0C3C23BC}.Release|Any CPU.ActiveCfg = Release|Any CPU
		{BB4F2A52-BD76-4AA2-8B86-B63C0C3C23BC}.Release|Any CPU.Build.0 = Release|Any CPU
		{E443A1EE-C118-47C8-B3F4-5D989A775494}.Debug|Any CPU.ActiveCfg = Debug|Any CPU
		{E443A1EE-C118-47C8-B3F4-5D989A775494}.Debug|Any CPU.Build.0 = Debug|Any CPU
		{E443A1EE-C118-47C8-B3F4-5D989A775494}.Release|Any CPU.ActiveCfg = Release|Any CPU
		{E443A1EE-C118-47C8-B3F4-5D989A775494}.Release|Any CPU.Build.0 = Release|Any CPU
		{7E03185D-05E4-44E3-9559-FF5DF2DA8CE0}.Debug|Any CPU.ActiveCfg = Debug|Any CPU
		{7E03185D-05E4-44E3-9559-FF5DF2DA8CE0}.Debug|Any CPU.Build.0 = Debug|Any CPU
		{7E03185D-05E4-44E3-9559-FF5DF2DA8CE0}.Release|Any CPU.ActiveCfg = Release|Any CPU
		{7E03185D-05E4-44E3-9559-FF5DF2DA8CE0}.Release|Any CPU.Build.0 = Release|Any CPU
	EndGlobalSection
	GlobalSection(SolutionProperties) = preSolution
		HideSolutionNode = FALSE
	EndGlobalSection
	GlobalSection(NestedProjects) = preSolution
		{E443A1EE-C118-47C8-B3F4-5D989A775494} = {D2F8BC32-1ED2-4F16-B5DA-CA1C2AA93151}
	EndGlobalSection
	GlobalSection(ExtensibilityGlobals) = postSolution
		SolutionGuid = {20770E94-C525-4DD3-BEB4-6E608AE6F284}
	EndGlobalSection
EndGlobal
